
Microsoft Visual Studio Solution File, Format Version 12.00
# Visual Studio Version 17
VisualStudioVersion = 17.3.32901.215
MinimumVisualStudioVersion = 10.0.40219.1
Project("{FAE04EC0-301F-11D3-BF4B-00C04F79EFBC}") = "MandatoryAssignment4_KacperBytnar", "MandatoryAssignment4_KacperBytnar\MandatoryAssignment4_KacperBytnar.csproj", "{4C72F222-B281-4F08-AD73-C02E437C0277}"
EndProject
Project("{FAE04EC0-301F-11D3-BF4B-00C04F79EFBC}") = "MandatoryAssignment4_KacperBytnarTests", "MandatoryAssignment4_KacperBytnarTests\MandatoryAssignment4_KacperBytnarTests.csproj", "{172EA5AD-BD9F-4649-8C96-4009B3AAFBD4}"
EndProject
Global
	GlobalSection(SolutionConfigurationPlatforms) = preSolution
		Debug|Any CPU = Debug|Any CPU
		Release|Any CPU = Release|Any CPU
	EndGlobalSection
	GlobalSection(ProjectConfigurationPlatforms) = postSolution
		{4C72F222-B281-4F08-AD73-C02E437C0277}.Debug|Any CPU.ActiveCfg = Debug|Any CPU
		{4C72F222-B281-4F08-AD73-C02E437C0277}.Debug|Any CPU.Build.0 = Debug|Any CPU
		{4C72F222-B281-4F08-AD73-C02E437C0277}.Release|Any CPU.ActiveCfg = Release|Any CPU
		{4C72F222-B281-4F08-AD73-C02E437C0277}.Release|Any CPU.Build.0 = Release|Any CPU
		{172EA5AD-BD9F-4649-8C96-4009B3AAFBD4}.Debug|Any CPU.ActiveCfg = Debug|Any CPU
		{172EA5AD-BD9F-4649-8C96-4009B3AAFBD4}.Debug|Any CPU.Build.0 = Debug|Any CPU
		{172EA5AD-BD9F-4649-8C96-4009B3AAFBD4}.Release|Any CPU.ActiveCfg = Release|Any CPU
		{172EA5AD-BD9F-4649-8C96-4009B3AAFBD4}.Release|Any CPU.Build.0 = Release|Any CPU
	EndGlobalSection
	GlobalSection(SolutionProperties) = preSolution
		HideSolutionNode = FALSE
	EndGlobalSection
	GlobalSection(ExtensibilityGlobals) = postSolution
		SolutionGuid = {8772E3F3-A0D3-4762-AE3D-5BB5FA892F34}
	EndGlobalSection
EndGlobal
